{
    
"name": "sol-browser",
    
"lockfileVersion": 3,
    
"requires": true,
    
"packages": {
    
    
"..": {
    
    
    
"name": "@kerkhoff-ict/solora",
    
    
    
"version": "3.2.5",
    
    
    
"extraneous": true,
    
    
    
"license": "MIT",
    
    
    
"dependencies": {
    
    
    
    
"@kerkhoff-ict/solora": "^3.2.0",
    
    
    
    
"prismjs": "^1.30.0"
    
    
    
},
    
    
    
"devDependencies": {
    
    
    
    
"esbuild": "^0.27.7",
    
    
    
    
"postcss": "^8.5.8",
    
    
    
    
"postcss-cli": "^11.0.1",
    
    
    
    
"postcss-import": "^16.1.1"
    
    
    
}
    
    
}
    
}
}
